<?xml version="1.0" encoding="utf-8"?>
<Project ToolsVersion="4.0" xmlns="http://schemas.microsoft.com/developer/msbuild/2003">
  <ItemGroup>
    <Filter Include="Source Files">
      <UniqueIdentifier>{4FC737F1-C7A5-4376-A066-2A32D752A2FF}</UniqueIdentifier>
      <Extensions>cpp;c;cc;cxx;def;odl;idl;hpj;bat;asm;asmx</Extensions>
    </Filter>
    <Filter Include="Header Files">
      <UniqueIdentifier>{93995380-89BD-4b04-88EB-625FBE52EBFB}</UniqueIdentifier>
      <Extensions>h;hh;hpp;hxx;hm;inl;inc;xsd</Extensions>
    </Filter>
    <Filter Include="Resource Files">
      <UniqueIdentifier>{67DA6AB6-F800-4c08-8B7A-83BB121AAD01}</UniqueIdentifier>
      <Extensions>rc;ico;cur;bmp;dlg;rc2;rct;bin;rgs;gif;jpg;jpeg;jpe;resx;tiff;tif;png;wav;mfcribbon-ms</Extensions>
    </Filter>
  </ItemGroup>
  <ItemGroup>
    <ClCompile Include="src\main.cpp">
      <Filter>Source Files</Filter>
    </ClCompile>
    <ClCompile Include="src\engine\window\win32\Win32Window.cpp">
      <Filter>Source Files</Filter>
    </ClCompile>
    <ClCompile Include="src\engine\Engine.cpp">
      <Filter>Source Files</Filter>
    </ClCompile>
    <ClCompile Include="src\engine\debug\Debug.cpp">
      <Filter>Source Files</Filter>
    </ClCompile>
    <ClCompile Include="src\engine\scene\Scene.cpp">
      <Filter>Source Files</Filter>
    </ClCompile>
    <ClCompile Include="src\engine\userInput\inputMapper\InputMapper.cpp">
      <Filter>Source Files</Filter>
    </ClCompile>
    <ClCompile Include="src\engine\clock\Cock.cpp">
      <Filter>Source Files</Filter>
    </ClCompile>
    <ClCompile Include="src\engine\shader\BasicShader.cpp">
      <Filter>Source Files</Filter>
    </ClCompile>
    <ClCompile Include="src\engine\shader\Shader.cpp">
      <Filter>Source Files</Filter>
    </ClCompile>
    <ClCompile Include="src\engine\mesh\Mesh.cpp">
      <Filter>Source Files</Filter>
    </ClCompile>
    <ClCompile Include="src\engine\shader\SimplePositionShader.cpp">
      <Filter>Source Files</Filter>
    </ClCompile>
    <ClCompile Include="src\engine\shader\SimpleColorShader.cpp">
      <Filter>Source Files</Filter>
    </ClCompile>
    <ClCompile Include="src\engine\scene\SceneManager.cpp">
      <Filter>Source Files</Filter>
    </ClCompile>
    <ClCompile Include="src\engine\renderer\Renderer.cpp">
      <Filter>Source Files</Filter>
    </ClCompile>
    <ClCompile Include="src\engine\loader\Loader.cpp">
      <Filter>Source Files</Filter>
    </ClCompile>
    <ClCompile Include="src\game-test\GameTest.cpp">
      <Filter>Source Files</Filter>
    </ClCompile>
    <ClCompile Include="src\engine\game\Game.cpp">
      <Filter>Source Files</Filter>
    </ClCompile>
    <ClCompile Include="src\engine\fileController\FileController.cpp">
      <Filter>Source Files</Filter>
    </ClCompile>
    <ClCompile Include="src\engine\fileController\FileReaderHelper.cpp">
      <Filter>Source Files</Filter>
    </ClCompile>
    <ClCompile Include="src\engine\database\TypeDatabase.cpp">
      <Filter>Source Files</Filter>
    </ClCompile>
    <ClCompile Include="src\engine\fileController\MeshFileController.cpp">
      <Filter>Source Files</Filter>
    </ClCompile>
    <ClCompile Include="src\engine\fileController\SceneFileController.cpp">
      <Filter>Source Files</Filter>
    </ClCompile>
    <ClCompile Include="src\engine\fileController\MaterialFileController.cpp">
      <Filter>Source Files</Filter>
    </ClCompile>
    <ClCompile Include="src\game-test\scenes\Scene1.cpp">
      <Filter>Source Files</Filter>
    </ClCompile>
    <ClCompile Include="src\engine\shader\SimpleDiffuseColorShader.cpp">
      <Filter>Source Files</Filter>
    </ClCompile>
    <ClCompile Include="src\engine\math\GLMath.cpp">
      <Filter>Source Files</Filter>
    </ClCompile>
    <ClCompile Include="src\engine\camera\Camera.cpp">
      <Filter>Source Files</Filter>
    </ClCompile>
    <ClCompile Include="src\engine\camera\CameraManager.cpp">
      <Filter>Source Files</Filter>
    </ClCompile>
    <ClCompile Include="src\engine\camera\FreeCamera.cpp">
      <Filter>Source Files</Filter>
    </ClCompile>
    <ClCompile Include="src\engine\camera\OrthoFreeCamera.cpp">
      <Filter>Source Files</Filter>
    </ClCompile>
    <ClCompile Include="src\engine\camera\FPSCamera.cpp">
      <Filter>Source Files</Filter>
    </ClCompile>
    <ClCompile Include="src\engine\camera\TargetCamera.cpp">
      <Filter>Source Files</Filter>
    </ClCompile>
    <ClCompile Include="src\engine\fileController\OBJFileReader.cpp">
      <Filter>Source Files</Filter>
    </ClCompile>
    <ClCompile Include="src\engine\light\LightManager.cpp">
      <Filter>Source Files</Filter>
    </ClCompile>
    <ClCompile Include="src\engine\shader\SimpleDiffuseReflectiveShader.cpp">
      <Filter>Source Files</Filter>
    </ClCompile>
    <ClCompile Include="src\engine\shader\SimpleVertexADSShader.cpp">
      <Filter>Source Files</Filter>
    </ClCompile>
    <ClCompile Include="src\engine\shader\util\ShaderSharedData.cpp">
      <Filter>Source Files</Filter>
    </ClCompile>
    <ClCompile Include="src\engine\shader\SimpleFragmentADS2FaceShader.cpp">
      <Filter>Source Files</Filter>
    </ClCompile>
    <ClCompile Include="src\engine\shader\SimpleFragmentDiscardShader.cpp">
      <Filter>Source Files</Filter>
    </ClCompile>
    <ClCompile Include="src\engine\viewport\ViewportManager.cpp">
      <Filter>Source Files</Filter>
    </ClCompile>
    <ClCompile Include="src\engine\viewport\layout\ViewportLayoutDefault.cpp">
      <Filter>Source Files</Filter>
    </ClCompile>
    <ClCompile Include="src\engine\viewport\layout\ViewportLayoutH2V1.cpp">
      <Filter>Source Files</Filter>
    </ClCompile>
    <ClCompile Include="src\engine\viewport\layout\ViewportLayoutH1V2.cpp">
      <Filter>Source Files</Filter>
    </ClCompile>
    <ClCompile Include="src\engine\viewport\layout\ViewportLayoutH2V2.cpp">
      <Filter>Source Files</Filter>
    </ClCompile>
    <ClCompile Include="src\game-test\scenes\Scene2.cpp">
      <Filter>Source Files</Filter>
    </ClCompile>
    <ClCompile Include="src\game-test\scenes\Scene3.cpp">
      <Filter>Source Files</Filter>
    </ClCompile>
    <ClCompile Include="src\game-test\scenes\Scene4.cpp">
      <Filter>Source Files</Filter>
    </ClCompile>
    <ClCompile Include="src\engine\fileController\FontFileController.cpp">
      <Filter>Source Files</Filter>
    </ClCompile>
    <ClCompile Include="src\engine\texture\FontTexture.cpp">
      <Filter>Source Files</Filter>
    </ClCompile>
    <ClCompile Include="src\engine\text\Font.cpp">
      <Filter>Source Files</Filter>
    </ClCompile>
    <ClCompile Include="src\engine\text\FontManager.cpp">
      <Filter>Source Files</Filter>
    </ClCompile>
    <ClCompile Include="src\engine\text\GUITextManager.cpp">
      <Filter>Source Files</Filter>
    </ClCompile>
    <ClCompile Include="src\engine\text\GUITextGenerator.cpp">
      <Filter>Source Files</Filter>
    </ClCompile>
    <ClCompile Include="src\engine\shader\text\SimpleTextShader.cpp">
      <Filter>Source Files</Filter>
    </ClCompile>
    <ClCompile Include="src\engine\shader\text\SingedDistanceTextShader.cpp">
      <Filter>Source Files</Filter>
    </ClCompile>
    <ClCompile Include="src\engine\shader\text\SingnedDistanceOutlineTextShader.cpp">
      <Filter>Source Files</Filter>
    </ClCompile>
  </ItemGroup>
  <ItemGroup>
    <ClInclude Include="src\engine\window\Window.h">
      <Filter>Header Files</Filter>
    </ClInclude>
    <ClInclude Include="src\engine\window\WindowSettings.h">
      <Filter>Header Files</Filter>
    </ClInclude>
    <ClInclude Include="src\engine\window\win32\Win32Window.h">
      <Filter>Header Files</Filter>
    </ClInclude>
    <ClInclude Include="src\engine\Engine.h">
      <Filter>Header Files</Filter>
    </ClInclude>
    <ClInclude Include="src\engine\debug\Debug.h">
      <Filter>Header Files</Filter>
    </ClInclude>
    <ClInclude Include="src\engine\userInput\keyCode\KeyCode.h">
      <Filter>Header Files</Filter>
    </ClInclude>
    <ClInclude Include="src\engine\userInput\inputEvent\InputEventType.h">
      <Filter>Header Files</Filter>
    </ClInclude>
    <ClInclude Include="src\engine\userInput\inputEvent\InputEvent.h">
      <Filter>Header Files</Filter>
    </ClInclude>
    <ClInclude Include="src\engine\util\vector\FVec2.h">
      <Filter>Header Files</Filter>
    </ClInclude>
    <ClInclude Include="src\engine\util\vector\USIVec2.h">
      <Filter>Header Files</Filter>
    </ClInclude>
    <ClInclude Include="src\engine\userInput\inputMapper\InputMapper.h">
      <Filter>Header Files</Filter>
    </ClInclude>
    <ClInclude Include="src\engine\scene\Scene.h">
      <Filter>Header Files</Filter>
    </ClInclude>
    <ClInclude Include="src\engine\userInput\inputEvent\InputHandlerCode.h">
      <Filter>Header Files</Filter>
    </ClInclude>
    <ClInclude Include="src\engine\clock\Cock.h">
      <Filter>Header Files</Filter>
    </ClInclude>
    <ClInclude Include="src\engine\settings\EngineSettings.h">
      <Filter>Header Files</Filter>
    </ClInclude>
    <ClInclude Include="src\engine\shader\Shader.h">
      <Filter>Header Files</Filter>
    </ClInclude>
    <ClInclude Include="src\engine\shader\BasicShader.h">
      <Filter>Header Files</Filter>
    </ClInclude>
    <ClInclude Include="src\engine\mesh\Mesh.h">
      <Filter>Header Files</Filter>
    </ClInclude>
    <ClInclude Include="src\engine\mesh\MeshAttribute.h">
      <Filter>Header Files</Filter>
    </ClInclude>
    <ClInclude Include="src\engine\entity\Entity.h">
      <Filter>Header Files</Filter>
    </ClInclude>
    <ClInclude Include="src\engine\model\Model.h">
      <Filter>Header Files</Filter>
    </ClInclude>
    <ClInclude Include="src\engine\material\Material.h">
      <Filter>Header Files</Filter>
    </ClInclude>
    <ClInclude Include="src\engine\shader\SimplePositionShader.h">
      <Filter>Header Files</Filter>
    </ClInclude>
    <ClInclude Include="src\engine\shader\SimpleColorShader.h">
      <Filter>Header Files</Filter>
    </ClInclude>
    <ClInclude Include="src\engine\shader\ShaderType.h">
      <Filter>Header Files</Filter>
    </ClInclude>
    <ClInclude Include="src\engine\scene\SceneManager.h">
      <Filter>Header Files</Filter>
    </ClInclude>
    <ClInclude Include="src\engine\material\MaterialProperties.h">
      <Filter>Header Files</Filter>
    </ClInclude>
    <ClInclude Include="src\engine\renderer\Renderer.h">
      <Filter>Header Files</Filter>
    </ClInclude>
    <ClInclude Include="src\engine\util\maps\UMap.h">
      <Filter>Header Files</Filter>
    </ClInclude>
    <ClInclude Include="src\engine\loader\Loader.h">
      <Filter>Header Files</Filter>
    </ClInclude>
    <ClInclude Include="src\engine\settings\SceneSettings.h">
      <Filter>Header Files</Filter>
    </ClInclude>
    <ClInclude Include="src\engine\game\Game.h">
      <Filter>Header Files</Filter>
    </ClInclude>
    <ClInclude Include="src\game-test\GameTest.h">
      <Filter>Header Files</Filter>
    </ClInclude>
    <ClInclude Include="src\engine\fileController\FileController.h">
      <Filter>Header Files</Filter>
    </ClInclude>
    <ClInclude Include="src\engine\fileController\FileReaderHelper.h">
      <Filter>Header Files</Filter>
    </ClInclude>
    <ClInclude Include="src\engine\database\TypeDatabase.h">
      <Filter>Header Files</Filter>
    </ClInclude>
    <ClInclude Include="src\engine\fileController\MaterialFileController.h">
      <Filter>Header Files</Filter>
    </ClInclude>
    <ClInclude Include="src\engine\fileController\MeshFileController.h">
      <Filter>Header Files</Filter>
    </ClInclude>
    <ClInclude Include="src\engine\fileController\SceneFileController.h">
      <Filter>Header Files</Filter>
    </ClInclude>
    <ClInclude Include="src\game-test\scenes\Scene1.h">
      <Filter>Header Files</Filter>
    </ClInclude>
    <ClInclude Include="src\engine\shader\SimpleDiffuseColorShader.h">
      <Filter>Header Files</Filter>
    </ClInclude>
    <ClInclude Include="res\material\diffuseColor\simpleDiffuseRed.mat">
      <Filter>Header Files</Filter>
    </ClInclude>
    <ClInclude Include="src\engine\math\GLMath.h">
      <Filter>Header Files</Filter>
    </ClInclude>
    <ClInclude Include="src\engine\util\maps\BiMap.h">
      <Filter>Header Files</Filter>
    </ClInclude>
    <ClInclude Include="src\engine\camera\Camera.h">
      <Filter>Header Files</Filter>
    </ClInclude>
    <ClInclude Include="src\engine\camera\CameraType.h">
      <Filter>Header Files</Filter>
    </ClInclude>
    <ClInclude Include="src\engine\camera\FreeCamera.h">
      <Filter>Header Files</Filter>
    </ClInclude>
    <ClInclude Include="src\engine\camera\CameraFrustum.h">
      <Filter>Header Files</Filter>
    </ClInclude>
    <ClInclude Include="src\engine\camera\CameraManager.h">
      <Filter>Header Files</Filter>
    </ClInclude>
    <ClInclude Include="src\engine\camera\OrthoFreeCamera.h">
      <Filter>Header Files</Filter>
    </ClInclude>
    <ClInclude Include="src\engine\event\DelayedEngineEvent.h">
      <Filter>Header Files</Filter>
    </ClInclude>
    <ClInclude Include="src\engine\event\EngineEvent.h">
      <Filter>Header Files</Filter>
    </ClInclude>
    <ClInclude Include="src\engine\event\EngineEventCode.h">
      <Filter>Header Files</Filter>
    </ClInclude>
    <ClInclude Include="src\engine\userInput\inputData\InputData.h">
      <Filter>Header Files</Filter>
    </ClInclude>
    <ClInclude Include="src\engine\camera\FPSCamera.h">
      <Filter>Header Files</Filter>
    </ClInclude>
    <ClInclude Include="src\engine\camera\OrthoFreeCamera2D.h">
      <Filter>Header Files</Filter>
    </ClInclude>
    <ClInclude Include="src\engine\camera\TargetCamera.h">
      <Filter>Header Files</Filter>
    </ClInclude>
    <ClInclude Include="src\engine\camera\ArcBallCamera.h">
      <Filter>Header Files</Filter>
    </ClInclude>
    <ClInclude Include="src\engine\light\LightType.h">
      <Filter>Header Files</Filter>
    </ClInclude>
    <ClInclude Include="src\engine\light\Light.h">
      <Filter>Header Files</Filter>
    </ClInclude>
    <ClInclude Include="src\engine\fileController\OBJFileReader.h">
      <Filter>Header Files</Filter>
    </ClInclude>
    <ClInclude Include="src\engine\light\AmbientLight.h">
      <Filter>Header Files</Filter>
    </ClInclude>
    <ClInclude Include="src\engine\light\LightManager.h">
      <Filter>Header Files</Filter>
    </ClInclude>
    <ClInclude Include="src\engine\shader\SimpleDiffuseReflectiveShader.h">
      <Filter>Header Files</Filter>
    </ClInclude>
    <ClInclude Include="src\engine\shader\SimpleVertexADSShader.h">
      <Filter>Header Files</Filter>
    </ClInclude>
    <ClInclude Include="src\engine\shader\util\ShaderSharedData.h">
      <Filter>Header Files</Filter>
    </ClInclude>
    <ClInclude Include="src\engine\shader\SimpleFragmentADSShader.h">
      <Filter>Header Files</Filter>
    </ClInclude>
    <ClInclude Include="src\engine\shader\SimpleFragmentADS2FaceShader.h">
      <Filter>Header Files</Filter>
    </ClInclude>
    <ClInclude Include="src\engine\light\PointLight.h">
      <Filter>Header Files</Filter>
    </ClInclude>
    <ClInclude Include="src\engine\light\DirectionalLight.h">
      <Filter>Header Files</Filter>
    </ClInclude>
    <ClInclude Include="src\engine\shader\SimpleVertexADSFlatShader.h">
      <Filter>Header Files</Filter>
    </ClInclude>
    <ClInclude Include="src\engine\shader\SimpleDebug2FaceShader.h">
      <Filter>Header Files</Filter>
    </ClInclude>
    <ClInclude Include="src\engine\shader\SimpleFragmentDiscardShader.h">
      <Filter>Header Files</Filter>
    </ClInclude>
    <ClInclude Include="src\engine\shader\glsl\SimpleFragmentDiscard.vert">
      <Filter>Header Files</Filter>
    </ClInclude>
    <ClInclude Include="src\engine\util\shape\Shape.h">
      <Filter>Header Files</Filter>
    </ClInclude>
    <ClInclude Include="src\engine\util\shape\ShapeType.h">
      <Filter>Header Files</Filter>
    </ClInclude>
    <ClInclude Include="src\engine\viewport\Viewport.h">
      <Filter>Header Files</Filter>
    </ClInclude>
    <ClInclude Include="src\engine\viewport\ViewportManager.h">
      <Filter>Header Files</Filter>
    </ClInclude>
    <ClInclude Include="src\engine\util\shape\RectangleShape.h">
      <Filter>Header Files</Filter>
    </ClInclude>
    <ClInclude Include="src\engine\settings\GameSettings.h">
      <Filter>Header Files</Filter>
    </ClInclude>
    <ClInclude Include="src\engine\viewport\layout\ViewportLayout.h">
      <Filter>Header Files</Filter>
    </ClInclude>
    <ClInclude Include="src\engine\viewport\layout\ViewportLayoutDefault.h">
      <Filter>Header Files</Filter>
    </ClInclude>
    <ClInclude Include="src\engine\viewport\layout\ViewportLayoutType.h">
      <Filter>Header Files</Filter>
    </ClInclude>
    <ClInclude Include="src\engine\viewport\layout\ViewportLayoutH2V1.h">
      <Filter>Header Files</Filter>
    </ClInclude>
    <ClInclude Include="src\engine\viewport\layout\ViewportLayoutH1V2.h">
      <Filter>Header Files</Filter>
    </ClInclude>
    <ClInclude Include="src\engine\viewport\layout\ViewportLayoutH2V2.h">
      <Filter>Header Files</Filter>
    </ClInclude>
    <ClInclude Include="src\game-test\scenes\Scene2.h">
      <Filter>Header Files</Filter>
    </ClInclude>
    <ClInclude Include="src\game-test\scenes\Scene3.h">
      <Filter>Header Files</Filter>
    </ClInclude>
    <ClInclude Include="src\game-test\scenes\Scene4.h">
      <Filter>Header Files</Filter>
    </ClInclude>
    <ClInclude Include="src\engine\fileController\FontFileController.h">
      <Filter>Header Files</Filter>
    </ClInclude>
    <ClInclude Include="src\engine\model\GUITextModel.h">
      <Filter>Header Files</Filter>
    </ClInclude>
    <ClInclude Include="src\engine\texture\Texture.h">
      <Filter>Header Files</Filter>
    </ClInclude>
    <ClInclude Include="src\engine\texture\FontTexture.h">
      <Filter>Header Files</Filter>
    </ClInclude>
    <ClInclude Include="src\engine\text\Font.h">
      <Filter>Header Files</Filter>
    </ClInclude>
    <ClInclude Include="src\engine\text\FontCharacter.h">
      <Filter>Header Files</Filter>
    </ClInclude>
    <ClInclude Include="src\engine\text\FontManager.h">
      <Filter>Header Files</Filter>
    </ClInclude>
    <ClInclude Include="src\engine\text\GUITextManager.h">
      <Filter>Header Files</Filter>
    </ClInclude>
    <ClInclude Include="src\engine\text\TextLine.h">
      <Filter>Header Files</Filter>
    </ClInclude>
    <ClInclude Include="src\engine\text\TextWord.h">
      <Filter>Header Files</Filter>
    </ClInclude>
    <ClInclude Include="src\engine\text\GUITextGenerator.h">
      <Filter>Header Files</Filter>
    </ClInclude>
    <ClInclude Include="src\engine\shader\text\TextShader.h">
      <Filter>Header Files</Filter>
    </ClInclude>
    <ClInclude Include="src\engine\shader\text\SimpleTextShader.h">
      <Filter>Header Files</Filter>
    </ClInclude>
    <ClInclude Include="res\material\font\signedDistanceFont.mat">
      <Filter>Header Files</Filter>
    </ClInclude>
    <ClInclude Include="src\engine\shader\text\SingedDistanceTextShader.h">
      <Filter>Header Files</Filter>
    </ClInclude>
    <ClInclude Include="src\engine\shader\text\SingnedDistanceOutlineTextShader.h">
      <Filter>Header Files</Filter>
    </ClInclude>
  </ItemGroup>
  <ItemGroup>
    <None Include="res\mesh\2DColorTriangle.msh" />
    <None Include="res\mesh\2DRectangle.msh" />
    <None Include="res\scene\test.xml" />
    <None Include="res\material\simpleColor.mat" />
    <None Include="res\material\simplePosition.mat" />
    <None Include="res\mesh\2D\2DRectangle.msh" />
    <None Include="res\mesh\2D\2DTriangle.msh" />
    <None Include="res\material\diffuseColor\simpleDiffuseBlue.mat" />
    <None Include="src\engine\shader\glsl\Basic.frag" />
    <None Include="src\engine\shader\glsl\Basic.vert" />
    <None Include="src\engine\shader\glsl\SimpleDiffuseColor.frag" />
    <None Include="src\engine\shader\glsl\SimpleDiffuseColor.vert" />
    <None Include="src\engine\shader\glsl\SimplePosition.frag" />
    <None Include="src\engine\shader\glsl\SimplePosition.vert" />
    <None Include="src\engine\shader\glsl\SimpleColor.frag" />
    <None Include="src\engine\shader\glsl\SimpleColor.vert" />
    <None Include="res\mesh\2D\2DCircle18.msh" />
    <None Include="res\mesh\3D\3DColorCube.msh" />
    <None Include="res\mesh\3D\3DColorCube2.msh" />
    <None Include="res\material\diffuseColor\simpleDiffuseReflectiveRed.mat" />
    <None Include="src\engine\shader\glsl\SimpleDiffuseReflective.vert" />
    <None Include="src\engine\shader\glsl\SimpleDiffuseReflective.frag" />
    <None Include="src\engine\shader\glsl\SimpleVertexADS.vert" />
    <None Include="src\engine\shader\glsl\SimpleVertexADS.frag" />
    <None Include="res\material\diffuseColor\simpleVertexADSRed.mat" />
    <None Include="src\engine\shader\glsl\SimpleFragmentADS.vert" />
    <None Include="src\engine\shader\glsl\SimpleFragmentADS.frag" />
    <None Include="res\material\diffuseColor\simpleFragmentADSRed.mat" />
    <None Include="src\engine\shader\glsl\SimpleFragmentADS2Face.vert" />
    <None Include="src\engine\shader\glsl\SimpleFragmentADS2Face.frag" />
    <None Include="res\material\diffuseColor\simpleFragmentADS2FaceRed.mat" />
    <None Include="src\engine\shader\glsl\SimpleVertexADSFlat.vert" />
    <None Include="src\engine\shader\glsl\SimpleVertexADSFlat.frag" />
    <None Include="res\material\diffuseColor\simpleVertexADSFlatRed.mat" />
    <None Include="src\engine\shader\glsl\SimpleDebug2Face.frag" />
    <None Include="res\material\diffuseColor\SimpleDebug2FaceBlue.mat" />
    <None Include="src\engine\shader\glsl\SimpleFragmentDiscard.frag" />
    <None Include="res\material\diffuseColor\simpleFragmentDiscardRed.mat" />
    <None Include="res\material\diffuseColor\simpleFragmentADSGray.mat" />
    <None Include="res\material\font\simpleFont.mat" />
    <None Include="src\engine\shader\text\glsl\SimpleText.frag" />
    <None Include="src\engine\shader\text\glsl\SimpleText.vert" />
    <None Include="src\engine\shader\text\glsl\SignedDistanceText.vert" />
    <None Include="src\engine\shader\text\glsl\SignedDistanceText.frag" />
    <None Include="src\engine\shader\text\glsl\SignedDistanceOutlineText.vert" />
    <None Include="src\engine\shader\text\glsl\SignedDistanceOutlineText.frag" />
    <None Include="res\material\font\signedDistanceShadowFont.mat" />
    <None Include="res\material\font\signedDistanceOutlineFont.mat" />
  </ItemGroup>
  <ItemGroup>
    <Xml Include="res\scene\test2.xml" />
    <Xml Include="res\scene\finalState.xml" />
  </ItemGroup>
</Project>